// !$*UTF8*$!
{
	archiveVersion = 1;
	classes = {
	};
	objectVersion = 46;
	objects = {

/* Begin PBXBuildFile section */
		67C43B691D43A367007B984A /* main.m in Sources */ = {isa = PBXBuildFile; fileRef = 67C43B681D43A367007B984A /* main.m */; };
		67C43B6C1D43A367007B984A /* AppDelegate.m in Sources */ = {isa = PBXBuildFile; fileRef = 67C43B6B1D43A367007B984A /* AppDelegate.m */; };
		67C43B721D43A367007B984A /* Main.storyboard in Resources */ = {isa = PBXBuildFile; fileRef = 67C43B701D43A367007B984A /* Main.storyboard */; };
		67C43B741D43A367007B984A /* Assets.xcassets in Resources */ = {isa = PBXBuildFile; fileRef = 67C43B731D43A367007B984A /* Assets.xcassets */; };
		67C43B771D43A367007B984A /* LaunchScreen.storyboard in Resources */ = {isa = PBXBuildFile; fileRef = 67C43B751D43A367007B984A /* LaunchScreen.storyboard */; };
		67C43B821D43A367007B984A /* MiaoShowTests.m in Sources */ = {isa = PBXBuildFile; fileRef = 67C43B811D43A367007B984A /* MiaoShowTests.m */; };
		67C43B8D1D43A367007B984A /* MiaoShowUITests.m in Sources */ = {isa = PBXBuildFile; fileRef = 67C43B8C1D43A367007B984A /* MiaoShowUITests.m */; };
		67C43B9D1D43E4D8007B984A /* IJKMediaFramework.framework in Frameworks */ = {isa = PBXBuildFile; fileRef = 67C43B9C1D43E4D8007B984A /* IJKMediaFramework.framework */; };
		67C43BA91D43EAE8007B984A /* Reachability.m in Sources */ = {isa = PBXBuildFile; fileRef = 67C43BA81D43EAE8007B984A /* Reachability.m */; };
		67C43BAC1D43EB2A007B984A /* JWNetworkTool.m in Sources */ = {isa = PBXBuildFile; fileRef = 67C43BAB1D43EB2A007B984A /* JWNetworkTool.m */; };
		67C43BB01D43EC03007B984A /* JWTopWindow.m in Sources */ = {isa = PBXBuildFile; fileRef = 67C43BAF1D43EC03007B984A /* JWTopWindow.m */; };
		67C43BB31D43EC47007B984A /* LoginViewController.m in Sources */ = {isa = PBXBuildFile; fileRef = 67C43BB21D43EC47007B984A /* LoginViewController.m */; };
		A09D978305FC9950145C1157 /* libPods-MiaoShow.a in Frameworks */ = {isa = PBXBuildFile; fileRef = 53ED62771B5BC6ABCBBCE826 /* libPods-MiaoShow.a */; };
/* End PBXBuildFile section */

/* Begin PBXContainerItemProxy section */
		67C43B7E1D43A367007B984A /* PBXContainerItemProxy */ = {
			isa = PBXContainerItemProxy;
			containerPortal = 67C43B5C1D43A367007B984A /* Project object */;
			proxyType = 1;
			remoteGlobalIDString = 67C43B631D43A367007B984A;
			remoteInfo = MiaoShow;
		};
		67C43B891D43A367007B984A /* PBXContainerItemProxy */ = {
			isa = PBXContainerItemProxy;
			containerPortal = 67C43B5C1D43A367007B984A /* Project object */;
			proxyType = 1;
			remoteGlobalIDString = 67C43B631D43A367007B984A;
			remoteInfo = MiaoShow;
		};
/* End PBXContainerItemProxy section */

/* Begin PBXFileReference section */
		376E6C243FFCA3AEC85204FA /* Pods-MiaoShow.release.xcconfig */ = {isa = PBXFileReference; includeInIndex = 1; lastKnownFileType = text.xcconfig; name = "Pods-MiaoShow.release.xcconfig"; path = "Pods/Target Support Files/Pods-MiaoShow/Pods-MiaoShow.release.xcconfig"; sourceTree = "<group>"; };
		53ED62771B5BC6ABCBBCE826 /* libPods-MiaoShow.a */ = {isa = PBXFileReference; explicitFileType = archive.ar; includeInIndex = 0; path = "libPods-MiaoShow.a"; sourceTree = BUILT_PRODUCTS_DIR; };
		67C43B641D43A367007B984A /* MiaoShow.app */ = {isa = PBXFileReference; explicitFileType = wrapper.application; includeInIndex = 0; path = MiaoShow.app; sourceTree = BUILT_PRODUCTS_DIR; };
		67C43B681D43A367007B984A /* main.m */ = {isa = PBXFileReference; lastKnownFileType = sourcecode.c.objc; path = main.m; sourceTree = "<group>"; };
		67C43B6A1D43A367007B984A /* AppDelegate.h */ = {isa = PBXFileReference; lastKnownFileType = sourcecode.c.h; path = AppDelegate.h; sourceTree = "<group>"; };
		67C43B6B1D43A367007B984A /* AppDelegate.m */ = {isa = PBXFileReference; lastKnownFileType = sourcecode.c.objc; path = AppDelegate.m; sourceTree = "<group>"; };
		67C43B711D43A367007B984A /* Base */ = {isa = PBXFileReference; lastKnownFileType = file.storyboard; name = Base; path = Base.lproj/Main.storyboard; sourceTree = "<group>"; };
		67C43B731D43A367007B984A /* Assets.xcassets */ = {isa = PBXFileReference; lastKnownFileType = folder.assetcatalog; path = Assets.xcassets; sourceTree = "<group>"; };
		67C43B761D43A367007B984A /* Base */ = {isa = PBXFileReference; lastKnownFileType = file.storyboard; name = Base; path = Base.lproj/LaunchScreen.storyboard; sourceTree = "<group>"; };
		67C43B781D43A367007B984A /* Info.plist */ = {isa = PBXFileReference; lastKnownFileType = text.plist.xml; path = Info.plist; sourceTree = "<group>"; };
		67C43B7D1D43A367007B984A /* MiaoShowTests.xctest */ = {isa = PBXFileReference; explicitFileType = wrapper.cfbundle; includeInIndex = 0; path = MiaoShowTests.xctest; sourceTree = BUILT_PRODUCTS_DIR; };
		67C43B811D43A367007B984A /* MiaoShowTests.m */ = {isa = PBXFileReference; lastKnownFileType = sourcecode.c.objc; path = MiaoShowTests.m; sourceTree = "<group>"; };
		67C43B831D43A367007B984A /* Info.plist */ = {isa = PBXFileReference; lastKnownFileType = text.plist.xml; path = Info.plist; sourceTree = "<group>"; };
		67C43B881D43A367007B984A /* MiaoShowUITests.xctest */ = {isa = PBXFileReference; explicitFileType = wrapper.cfbundle; includeInIndex = 0; path = MiaoShowUITests.xctest; sourceTree = BUILT_PRODUCTS_DIR; };
		67C43B8C1D43A367007B984A /* MiaoShowUITests.m */ = {isa = PBXFileReference; lastKnownFileType = sourcecode.c.objc; path = MiaoShowUITests.m; sourceTree = "<group>"; };
		67C43B8E1D43A367007B984A /* Info.plist */ = {isa = PBXFileReference; lastKnownFileType = text.plist.xml; path = Info.plist; sourceTree = "<group>"; };
		67C43B9C1D43E4D8007B984A /* IJKMediaFramework.framework */ = {isa = PBXFileReference; lastKnownFileType = wrapper.framework; name = IJKMediaFramework.framework; path = Classes/Frameworks/IJKMediaFramework.framework; sourceTree = "<group>"; };
		67C43BA71D43EAE8007B984A /* Reachability.h */ = {isa = PBXFileReference; fileEncoding = 4; lastKnownFileType = sourcecode.c.h; name = Reachability.h; path = Classes/Network/Reachability.h; sourceTree = "<group>"; };
		67C43BA81D43EAE8007B984A /* Reachability.m */ = {isa = PBXFileReference; fileEncoding = 4; lastKnownFileType = sourcecode.c.objc; name = Reachability.m; path = Classes/Network/Reachability.m; sourceTree = "<group>"; };
		67C43BAA1D43EB2A007B984A /* JWNetworkTool.h */ = {isa = PBXFileReference; fileEncoding = 4; lastKnownFileType = sourcecode.c.h; name = JWNetworkTool.h; path = Classes/Network/JWNetworkTool.h; sourceTree = "<group>"; };
		67C43BAB1D43EB2A007B984A /* JWNetworkTool.m */ = {isa = PBXFileReference; fileEncoding = 4; lastKnownFileType = sourcecode.c.objc; name = JWNetworkTool.m; path = Classes/Network/JWNetworkTool.m; sourceTree = "<group>"; };
		67C43BAE1D43EC03007B984A /* JWTopWindow.h */ = {isa = PBXFileReference; fileEncoding = 4; lastKnownFileType = sourcecode.c.h; path = JWTopWindow.h; sourceTree = "<group>"; };
		67C43BAF1D43EC03007B984A /* JWTopWindow.m */ = {isa = PBXFileReference; fileEncoding = 4; lastKnownFileType = sourcecode.c.objc; path = JWTopWindow.m; sourceTree = "<group>"; };
		67C43BB11D43EC47007B984A /* LoginViewController.h */ = {isa = PBXFileReference; fileEncoding = 4; lastKnownFileType = sourcecode.c.h; path = LoginViewController.h; sourceTree = "<group>"; };
		67C43BB21D43EC47007B984A /* LoginViewController.m */ = {isa = PBXFileReference; fileEncoding = 4; lastKnownFileType = sourcecode.c.objc; path = LoginViewController.m; sourceTree = "<group>"; };
		CBE44A2D4A9E8236A31FB51E /* Pods-MiaoShow.debug.xcconfig */ = {isa = PBXFileReference; includeInIndex = 1; lastKnownFileType = text.xcconfig; name = "Pods-MiaoShow.debug.xcconfig"; path = "Pods/Target Support Files/Pods-MiaoShow/Pods-MiaoShow.debug.xcconfig"; sourceTree = "<group>"; };
/* End PBXFileReference section */

/* Begin PBXFrameworksBuildPhase section */
		67C43B611D43A367007B984A /* Frameworks */ = {
			isa = PBXFrameworksBuildPhase;
			buildActionMask = 2147483647;
			files = (
				A09D978305FC9950145C1157 /* libPods-MiaoShow.a in Frameworks */,
				67C43B9D1D43E4D8007B984A /* IJKMediaFramework.framework in Frameworks */,
			);
			runOnlyForDeploymentPostprocessing = 0;
		};
		67C43B7A1D43A367007B984A /* Frameworks */ = {
			isa = PBXFrameworksBuildPhase;
			buildActionMask = 2147483647;
			files = (
			);
			runOnlyForDeploymentPostprocessing = 0;
		};
		67C43B851D43A367007B984A /* Frameworks */ = {
			isa = PBXFrameworksBuildPhase;
			buildActionMask = 2147483647;
			files = (
			);
			runOnlyForDeploymentPostprocessing = 0;
		};
/* End PBXFrameworksBuildPhase section */

/* Begin PBXGroup section */
		4EEFE74600AF83BF051B1E5A /* Pods */ = {
			isa = PBXGroup;
			children = (
				CBE44A2D4A9E8236A31FB51E /* Pods-MiaoShow.debug.xcconfig */,
				376E6C243FFCA3AEC85204FA /* Pods-MiaoShow.release.xcconfig */,
			);
			name = Pods;
			sourceTree = "<group>";
		};
		67C43B5B1D43A367007B984A = {
			isa = PBXGroup;
			children = (
				67C43B661D43A367007B984A /* MiaoShow */,
				67C43B801D43A367007B984A /* MiaoShowTests */,
				67C43B8B1D43A367007B984A /* MiaoShowUITests */,
				67C43B651D43A367007B984A /* Products */,
				4EEFE74600AF83BF051B1E5A /* Pods */,
				A933D668CF45CF237D7347CD /* Frameworks */,
			);
			sourceTree = "<group>";
		};
		67C43B651D43A367007B984A /* Products */ = {
			isa = PBXGroup;
			children = (
				67C43B641D43A367007B984A /* MiaoShow.app */,
				67C43B7D1D43A367007B984A /* MiaoShowTests.xctest */,
				67C43B881D43A367007B984A /* MiaoShowUITests.xctest */,
			);
			name = Products;
			sourceTree = "<group>";
		};
		67C43B661D43A367007B984A /* MiaoShow */ = {
			isa = PBXGroup;
			children = (
				67C43B6A1D43A367007B984A /* AppDelegate.h */,
				67C43B6B1D43A367007B984A /* AppDelegate.m */,
				67C43B9A1D43E452007B984A /* Classes */,
				67C43B701D43A367007B984A /* Main.storyboard */,
				67C43B731D43A367007B984A /* Assets.xcassets */,
				67C43B751D43A367007B984A /* LaunchScreen.storyboard */,
				67C43B781D43A367007B984A /* Info.plist */,
				67C43B671D43A367007B984A /* Supporting Files */,
			);
			path = MiaoShow;
			sourceTree = "<group>";
		};
		67C43B671D43A367007B984A /* Supporting Files */ = {
			isa = PBXGroup;
			children = (
				67C43B681D43A367007B984A /* main.m */,
			);
			name = "Supporting Files";
			sourceTree = "<group>";
		};
		67C43B801D43A367007B984A /* MiaoShowTests */ = {
			isa = PBXGroup;
			children = (
				67C43B811D43A367007B984A /* MiaoShowTests.m */,
				67C43B831D43A367007B984A /* Info.plist */,
			);
			path = MiaoShowTests;
			sourceTree = "<group>";
		};
		67C43B8B1D43A367007B984A /* MiaoShowUITests */ = {
			isa = PBXGroup;
			children = (
				67C43B8C1D43A367007B984A /* MiaoShowUITests.m */,
				67C43B8E1D43A367007B984A /* Info.plist */,
			);
			path = MiaoShowUITests;
			sourceTree = "<group>";
		};
		67C43B9A1D43E452007B984A /* Classes */ = {
			isa = PBXGroup;
			children = (
				67C43BA61D43E572007B984A /* Resource */,
				67C43BA51D43E568007B984A /* Login */,
				67C43BA41D43E55D007B984A /* Tools */,
				67C43BA31D43E551007B984A /* Main */,
				67C43BA21D43E53D007B984A /* ShowTime */,
				67C43BA11D43E52E007B984A /* Home */,
				67C43BA01D43E525007B984A /* Other */,
				67C43B9F1D43E513007B984A /* Network */,
				67C43B9E1D43E4FD007B984A /* Profile */,
				67C43B9B1D43E47A007B984A /* Frameworks */,
			);
			name = Classes;
			sourceTree = "<group>";
		};
		67C43B9B1D43E47A007B984A /* Frameworks */ = {
			isa = PBXGroup;
			children = (
				67C43B9C1D43E4D8007B984A /* IJKMediaFramework.framework */,
			);
			name = Frameworks;
			sourceTree = "<group>";
		};
		67C43B9E1D43E4FD007B984A /* Profile */ = {
			isa = PBXGroup;
			children = (
			);
			name = Profile;
			sourceTree = "<group>";
		};
		67C43B9F1D43E513007B984A /* Network */ = {
			isa = PBXGroup;
			children = (
				67C43BA71D43EAE8007B984A /* Reachability.h */,
				67C43BA81D43EAE8007B984A /* Reachability.m */,
				67C43BAA1D43EB2A007B984A /* JWNetworkTool.h */,
				67C43BAB1D43EB2A007B984A /* JWNetworkTool.m */,
			);
			name = Network;
			sourceTree = "<group>";
		};
		67C43BA01D43E525007B984A /* Other */ = {
			isa = PBXGroup;
			children = (
			);
			name = Other;
			sourceTree = "<group>";
		};
		67C43BA11D43E52E007B984A /* Home */ = {
			isa = PBXGroup;
			children = (
			);
			name = Home;
			sourceTree = "<group>";
		};
		67C43BA21D43E53D007B984A /* ShowTime */ = {
			isa = PBXGroup;
			children = (
			);
			name = ShowTime;
			sourceTree = "<group>";
		};
		67C43BA31D43E551007B984A /* Main */ = {
			isa = PBXGroup;
			children = (
			);
			name = Main;
			sourceTree = "<group>";
		};
		67C43BA41D43E55D007B984A /* Tools */ = {
			isa = PBXGroup;
			children = (
				67C43BAD1D43EBC1007B984A /* Window */,
			);
			name = Tools;
			sourceTree = "<group>";
		};
		67C43BA51D43E568007B984A /* Login */ = {
			isa = PBXGroup;
			children = (
				67C43BB11D43EC47007B984A /* LoginViewController.h */,
				67C43BB21D43EC47007B984A /* LoginViewController.m */,
			);
			name = Login;
			sourceTree = "<group>";
		};
		67C43BA61D43E572007B984A /* Resource */ = {
			isa = PBXGroup;
			children = (
			);
			name = Resource;
			sourceTree = "<group>";
		};
		67C43BAD1D43EBC1007B984A /* Window */ = {
			isa = PBXGroup;
			children = (
				67C43BAE1D43EC03007B984A /* JWTopWindow.h */,
				67C43BAF1D43EC03007B984A /* JWTopWindow.m */,
			);
			name = Window;
			sourceTree = "<group>";
		};
		A933D668CF45CF237D7347CD /* Frameworks */ = {
			isa = PBXGroup;
			children = (
				53ED62771B5BC6ABCBBCE826 /* libPods-MiaoShow.a */,
			);
			name = Frameworks;
			sourceTree = "<group>";
		};
/* End PBXGroup section */

/* Begin PBXNativeTarget section */
		67C43B631D43A367007B984A /* MiaoShow */ = {
			isa = PBXNativeTarget;
			buildConfigurationList = 67C43B911D43A367007B984A /* Build configuration list for PBXNativeTarget "MiaoShow" */;
			buildPhases = (
				E806A57786FCE3E8E8188C74 /* 📦 Check Pods Manifest.lock */,
				67C43B601D43A367007B984A /* Sources */,
				67C43B611D43A367007B984A /* Frameworks */,
				67C43B621D43A367007B984A /* Resources */,
				E051ACFD66304A5A3E7788EB /* 📦 Embed Pods Frameworks */,
				1FE0ECFE07147F1A9E5B2F4C /* 📦 Copy Pods Resources */,
			);
			buildRules = (
			);
			dependencies = (
			);
			name = MiaoShow;
			productName = MiaoShow;
			productReference = 67C43B641D43A367007B984A /* MiaoShow.app */;
			productType = "com.apple.product-type.application";
		};
		67C43B7C1D43A367007B984A /* MiaoShowTests */ = {
			isa = PBXNativeTarget;
			buildConfigurationList = 67C43B941D43A367007B984A /* Build configuration list for PBXNativeTarget "MiaoShowTests" */;
			buildPhases = (
				67C43B791D43A367007B984A /* Sources */,
				67C43B7A1D43A367007B984A /* Frameworks */,
				67C43B7B1D43A367007B984A /* Resources */,
			);
			buildRules = (
			);
			dependencies = (
				67C43B7F1D43A367007B984A /* PBXTargetDependency */,
			);
			name = MiaoShowTests;
			productName = MiaoShowTests;
			productReference = 67C43B7D1D43A367007B984A /* MiaoShowTests.xctest */;
			productType = "com.apple.product-type.bundle.unit-test";
		};
		67C43B871D43A367007B984A /* MiaoShowUITests */ = {
			isa = PBXNativeTarget;
			buildConfigurationList = 67C43B971D43A367007B984A /* Build configuration list for PBXNativeTarget "MiaoShowUITests" */;
			buildPhases = (
				67C43B841D43A367007B984A /* Sources */,
				67C43B851D43A367007B984A /* Frameworks */,
				67C43B861D43A367007B984A /* Resources */,
			);
			buildRules = (
			);
			dependencies = (
				67C43B8A1D43A367007B984A /* PBXTargetDependency */,
			);
			name = MiaoShowUITests;
			productName = MiaoShowUITests;
			productReference = 67C43B881D43A367007B984A /* MiaoShowUITests.xctest */;
			productType = "com.apple.product-type.bundle.ui-testing";
		};
/* End PBXNativeTarget section */

/* Begin PBXProject section */
		67C43B5C1D43A367007B984A /* Project object */ = {
			isa = PBXProject;
			attributes = {
				LastUpgradeCheck = 0730;
				ORGANIZATIONNAME = jinwei;
				TargetAttributes = {
					67C43B631D43A367007B984A = {
						CreatedOnToolsVersion = 7.3.1;
					};
					67C43B7C1D43A367007B984A = {
						CreatedOnToolsVersion = 7.3.1;
						TestTargetID = 67C43B631D43A367007B984A;
					};
					67C43B871D43A367007B984A = {
						CreatedOnToolsVersion = 7.3.1;
						TestTargetID = 67C43B631D43A367007B984A;
					};
				};
			};
			buildConfigurationList = 67C43B5F1D43A367007B984A /* Build configuration list for PBXProject "MiaoShow" */;
			compatibilityVersion = "Xcode 3.2";
			developmentRegion = English;
			hasScannedForEncodings = 0;
			knownRegions = (
				en,
				Base,
			);
			mainGroup = 67C43B5B1D43A367007B984A;
			productRefGroup = 67C43B651D43A367007B984A /* Products */;
			projectDirPath = "";
			projectRoot = "";
			targets = (
				67C43B631D43A367007B984A /* MiaoShow */,
				67C43B7C1D43A367007B984A /* MiaoShowTests */,
				67C43B871D43A367007B984A /* MiaoShowUITests */,
			);
		};
/* End PBXProject section */

/* Begin PBXResourcesBuildPhase section */
		67C43B621D43A367007B984A /* Resources */ = {
			isa = PBXResourcesBuildPhase;
			buildActionMask = 2147483647;
			files = (
				67C43B771D43A367007B984A /* LaunchScreen.storyboard in Resources */,
				67C43B741D43A367007B984A /* Assets.xcassets in Resources */,
				67C43B721D43A367007B984A /* Main.storyboard in Resources */,
			);
			runOnlyForDeploymentPostprocessing = 0;
		};
		67C43B7B1D43A367007B984A /* Resources */ = {
			isa = PBXResourcesBuildPhase;
			buildActionMask = 2147483647;
			files = (
			);
			runOnlyForDeploymentPostprocessing = 0;
		};
		67C43B861D43A367007B984A /* Resources */ = {
			isa = PBXResourcesBuildPhase;
			buildActionMask = 2147483647;
			files = (
			);
			runOnlyForDeploymentPostprocessing = 0;
		};
/* End PBXResourcesBuildPhase section */

/* Begin PBXShellScriptBuildPhase section */
		1FE0ECFE07147F1A9E5B2F4C /* 📦 Copy Pods Resources */ = {
			isa = PBXShellScriptBuildPhase;
			buildActionMask = 2147483647;
			files = (
			);
			inputPaths = (
			);
			name = "📦 Copy Pods Resources";
			outputPaths = (
			);
			runOnlyForDeploymentPostprocessing = 0;
			shellPath = /bin/sh;
			shellScript = "\"${SRCROOT}/Pods/Target Support Files/Pods-MiaoShow/Pods-MiaoShow-resources.sh\"\n";
			showEnvVarsInLog = 0;
		};
		E051ACFD66304A5A3E7788EB /* 📦 Embed Pods Frameworks */ = {
			isa = PBXShellScriptBuildPhase;
			buildActionMask = 2147483647;
			files = (
			);
			inputPaths = (
			);
			name = "📦 Embed Pods Frameworks";
			outputPaths = (
			);
			runOnlyForDeploymentPostprocessing = 0;
			shellPath = /bin/sh;
			shellScript = "\"${SRCROOT}/Pods/Target Support Files/Pods-MiaoShow/Pods-MiaoShow-frameworks.sh\"\n";
			showEnvVarsInLog = 0;
		};
		E806A57786FCE3E8E8188C74 /* 📦 Check Pods Manifest.lock */ = {
			isa = PBXShellScriptBuildPhase;
			buildActionMask = 2147483647;
			files = (
			);
			inputPaths = (
			);
			name = "📦 Check Pods Manifest.lock";
			outputPaths = (
			);
			runOnlyForDeploymentPostprocessing = 0;
			shellPath = /bin/sh;
			shellScript = "diff \"${PODS_ROOT}/../Podfile.lock\" \"${PODS_ROOT}/Manifest.lock\" > /dev/null\nif [[ $? != 0 ]] ; then\n    cat << EOM\nerror: The sandbox is not in sync with the Podfile.lock. Run 'pod install' or update your CocoaPods installation.\nEOM\n    exit 1\nfi\n";
			showEnvVarsInLog = 0;
		};
/* End PBXShellScriptBuildPhase section */

/* Begin PBXSourcesBuildPhase section */
		67C43B601D43A367007B984A /* Sources */ = {
			isa = PBXSourcesBuildPhase;
			buildActionMask = 2147483647;
			files = (
				67C43B6C1D43A367007B984A /* AppDelegate.m in Sources */,
				67C43BA91D43EAE8007B984A /* Reachability.m in Sources */,
				67C43BB31D43EC47007B984A /* LoginViewController.m in Sources */,
				67C43B691D43A367007B984A /* main.m in Sources */,
				67C43BAC1D43EB2A007B984A /* JWNetworkTool.m in Sources */,
				67C43BB01D43EC03007B984A /* JWTopWindow.m in Sources */,
			);
			runOnlyForDeploymentPostprocessing = 0;
		};
		67C43B791D43A367007B984A /* Sources */ = {
			isa = PBXSourcesBuildPhase;
			buildActionMask = 2147483647;
			files = (
				67C43B821D43A367007B984A /* MiaoShowTests.m in Sources */,
			);
			runOnlyForDeploymentPostprocessing = 0;
		};
		67C43B841D43A367007B984A /* Sources */ = {
			isa = PBXSourcesBuildPhase;
			buildActionMask = 2147483647;
			files = (
				67C43B8D1D43A367007B984A /* MiaoShowUITests.m in Sources */,
			);
			runOnlyForDeploymentPostprocessing = 0;
		};
/* End PBXSourcesBuildPhase section */

/* Begin PBXTargetDependency section */
		67C43B7F1D43A367007B984A /* PBXTargetDependency */ = {
			isa = PBXTargetDependency;
			target = 67C43B631D43A367007B984A /* MiaoShow */;
			targetProxy = 67C43B7E1D43A367007B984A /* PBXContainerItemProxy */;
		};
		67C43B8A1D43A367007B984A /* PBXTargetDependency */ = {
			isa = PBXTargetDependency;
			target = 67C43B631D43A367007B984A /* MiaoShow */;
			targetProxy = 67C43B891D43A367007B984A /* PBXContainerItemProxy */;
		};
/* End PBXTargetDependency section */

/* Begin PBXVariantGroup section */
		67C43B701D43A367007B984A /* Main.storyboard */ = {
			isa = PBXVariantGroup;
			children = (
				67C43B711D43A367007B984A /* Base */,
			);
			name = Main.storyboard;
			sourceTree = "<group>";
		};
		67C43B751D43A367007B984A /* LaunchScreen.storyboard */ = {
			isa = PBXVariantGroup;
			children = (
				67C43B761D43A367007B984A /* Base */,
			);
			name = LaunchScreen.storyboard;
			sourceTree = "<group>";
		};
/* End PBXVariantGroup section */

/* Begin XCBuildConfiguration section */
		67C43B8F1D43A367007B984A /* Debug */ = {
			isa = XCBuildConfiguration;
			buildSettings = {
				ALWAYS_SEARCH_USER_PATHS = NO;
				CLANG_ANALYZER_NONNULL = YES;
				CLANG_CXX_LANGUAGE_STANDARD = "gnu++0x";
				CLANG_CXX_LIBRARY = "libc++";
				CLANG_ENABLE_MODULES = YES;
				CLANG_ENABLE_OBJC_ARC = YES;
				CLANG_WARN_BOOL_CONVERSION = YES;
				CLANG_WARN_CONSTANT_CONVERSION = YES;
				CLANG_WARN_DIRECT_OBJC_ISA_USAGE = YES_ERROR;
				CLANG_WARN_EMPTY_BODY = YES;
				CLANG_WARN_ENUM_CONVERSION = YES;
				CLANG_WARN_INT_CONVERSION = YES;
				CLANG_WARN_OBJC_ROOT_CLASS = YES_ERROR;
				CLANG_WARN_UNREACHABLE_CODE = YES;
				CLANG_WARN__DUPLICATE_METHOD_MATCH = YES;
				"CODE_SIGN_IDENTITY[sdk=iphoneos*]" = "iPhone Developer";
				COPY_PHASE_STRIP = NO;
				DEBUG_INFORMATION_FORMAT = dwarf;
				ENABLE_STRICT_OBJC_MSGSEND = YES;
				ENABLE_TESTABILITY = YES;
				GCC_C_LANGUAGE_STANDARD = gnu99;
				GCC_DYNAMIC_NO_PIC = NO;
				GCC_NO_COMMON_BLOCKS = YES;
				GCC_OPTIMIZATION_LEVEL = 0;
				GCC_PREPROCESSOR_DEFINITIONS = (
					"DEBUG=1",
					"$(inherited)",
				);
				GCC_WARN_64_TO_32_BIT_CONVERSION = YES;
				GCC_WARN_ABOUT_RETURN_TYPE = YES_ERROR;
				GCC_WARN_UNDECLARED_SELECTOR = YES;
				GCC_WARN_UNINITIALIZED_AUTOS = YES_AGGRESSIVE;
				GCC_WARN_UNUSED_FUNCTION = YES;
				GCC_WARN_UNUSED_VARIABLE = YES;
				IPHONEOS_DEPLOYMENT_TARGET = 9.3;
				MTL_ENABLE_DEBUG_INFO = YES;
				ONLY_ACTIVE_ARCH = YES;
				SDKROOT = iphoneos;
				TARGETED_DEVICE_FAMILY = "1,2";
			};
			name = Debug;
		};
		67C43B901D43A367007B984A /* Release */ = {
			isa = XCBuildConfiguration;
			buildSettings = {
				ALWAYS_SEARCH_USER_PATHS = NO;
				CLANG_ANALYZER_NONNULL = YES;
				CLANG_CXX_LANGUAGE_STANDARD = "gnu++0x";
				CLANG_CXX_LIBRARY = "libc++";
				CLANG_ENABLE_MODULES = YES;
				CLANG_ENABLE_OBJC_ARC = YES;
				CLANG_WARN_BOOL_CONVERSION = YES;
				CLANG_WARN_CONSTANT_CONVERSION = YES;
				CLANG_WARN_DIRECT_OBJC_ISA_USAGE = YES_ERROR;
				CLANG_WARN_EMPTY_BODY = YES;
				CLANG_WARN_ENUM_CONVERSION = YES;
				CLANG_WARN_INT_CONVERSION = YES;
				CLANG_WARN_OBJC_ROOT_CLASS = YES_ERROR;
				CLANG_WARN_UNREACHABLE_CODE = YES;
				CLANG_WARN__DUPLICATE_METHOD_MATCH = YES;
				"CODE_SIGN_IDENTITY[sdk=iphoneos*]" = "iPhone Developer";
				COPY_PHASE_STRIP = NO;
				DEBUG_INFORMATION_FORMAT = "dwarf-with-dsym";
				ENABLE_NS_ASSERTIONS = NO;
				ENABLE_STRICT_OBJC_MSGSEND = YES;
				GCC_C_LANGUAGE_STANDARD = gnu99;
				GCC_NO_COMMON_BLOCKS = YES;
				GCC_WARN_64_TO_32_BIT_CONVERSION = YES;
				GCC_WARN_ABOUT_RETURN_TYPE = YES_ERROR;
				GCC_WARN_UNDECLARED_SELECTOR = YES;
				GCC_WARN_UNINITIALIZED_AUTOS = YES_AGGRESSIVE;
				GCC_WARN_UNUSED_FUNCTION = YES;
				GCC_WARN_UNUSED_VARIABLE = YES;
				IPHONEOS_DEPLOYMENT_TARGET = 9.3;
				MTL_ENABLE_DEBUG_INFO = NO;
				SDKROOT = iphoneos;
				TARGETED_DEVICE_FAMILY = "1,2";
				VALIDATE_PRODUCT = YES;
			};
			name = Release;
		};
		67C43B921D43A367007B984A /* Debug */ = {
			isa = XCBuildConfiguration;
			baseConfigurationReference = CBE44A2D4A9E8236A31FB51E /* Pods-MiaoShow.debug.xcconfig */;
			buildSettings = {
				ASSETCATALOG_COMPILER_APPICON_NAME = AppIcon;
				FRAMEWORK_SEARCH_PATHS = (
					"$(inherited)",
					"$(PROJECT_DIR)/MiaoShow/Classes/Frameworks",
				);
				INFOPLIST_FILE = MiaoShow/Info.plist;
				LD_RUNPATH_SEARCH_PATHS = "$(inherited) @executable_path/Frameworks";
				PRODUCT_BUNDLE_IDENTIFIER = cn.nciae.MiaoShow;
				PRODUCT_NAME = "$(TARGET_NAME)";
			};
			name = Debug;
		};
		67C43B931D43A367007B984A /* Release */ = {
			isa = XCBuildConfiguration;
			baseConfigurationReference = 376E6C243FFCA3AEC85204FA /* Pods-MiaoShow.release.xcconfig */;
			buildSettings = {
				ASSETCATALOG_COMPILER_APPICON_NAME = AppIcon;
				FRAMEWORK_SEARCH_PATHS = (
					"$(inherited)",
					"$(PROJECT_DIR)/MiaoShow/Classes/Frameworks",
				);
				INFOPLIST_FILE = MiaoShow/Info.plist;
				LD_RUNPATH_SEARCH_PATHS = "$(inherited) @executable_path/Frameworks";
				PRODUCT_BUNDLE_IDENTIFIER = cn.nciae.MiaoShow;
				PRODUCT_NAME = "$(TARGET_NAME)";
			};
			name = Release;
		};
		67C43B951D43A367007B984A /* Debug */ = {
			isa = XCBuildConfiguration;
			buildSettings = {
				BUNDLE_LOADER = "$(TEST_HOST)";
				INFOPLIST_FILE = MiaoShowTests/Info.plist;
				LD_RUNPATH_SEARCH_PATHS = "$(inherited) @executable_path/Frameworks @loader_path/Frameworks";
				PRODUCT_BUNDLE_IDENTIFIER = cn.nciae.MiaoShowTests;
				PRODUCT_NAME = "$(TARGET_NAME)";
				TEST_HOST = "$(BUILT_PRODUCTS_DIR)/MiaoShow.app/MiaoShow";
			};
			name = Debug;
		};
		67C43B961D43A367007B984A /* Release */ = {
			isa = XCBuildConfiguration;
			buildSettings = {
				BUNDLE_LOADER = "$(TEST_HOST)";
				INFOPLIST_FILE = MiaoShowTests/Info.plist;
				LD_RUNPATH_SEARCH_PATHS = "$(inherited) @executable_path/Frameworks @loader_path/Frameworks";
				PRODUCT_BUNDLE_IDENTIFIER = cn.nciae.MiaoShowTests;
				PRODUCT_NAME = "$(TARGET_NAME)";
				TEST_HOST = "$(BUILT_PRODUCTS_DIR)/MiaoShow.app/MiaoShow";
			};
			name = Release;
		};
		67C43B981D43A367007B984A /* Debug */ = {
			isa = XCBuildConfiguration;
			buildSettings = {
				INFOPLIST_FILE = MiaoShowUITests/Info.plist;
				LD_RUNPATH_SEARCH_PATHS = "$(inherited) @executable_path/Frameworks @loader_path/Frameworks";
				PRODUCT_BUNDLE_IDENTIFIER = cn.nciae.MiaoShowUITests;
				PRODUCT_NAME = "$(TARGET_NAME)";
				TEST_TARGET_NAME = MiaoShow;
			};
			name = Debug;
		};
		67C43B991D43A367007B984A /* Release */ = {
			isa = XCBuildConfiguration;
			buildSettings = {
				INFOPLIST_FILE = MiaoShowUITests/Info.plist;
				LD_RUNPATH_SEARCH_PATHS = "$(inherited) @executable_path/Frameworks @loader_path/Frameworks";
				PRODUCT_BUNDLE_IDENTIFIER = cn.nciae.MiaoShowUITests;
				PRODUCT_NAME = "$(TARGET_NAME)";
				TEST_TARGET_NAME = MiaoShow;
			};
			name = Release;
		};
/* End XCBuildConfiguration section */

/* Begin XCConfigurationList section */
		67C43B5F1D43A367007B984A /* Build configuration list for PBXProject "MiaoShow" */ = {
			isa = XCConfigurationList;
			buildConfigurations = (
				67C43B8F1D43A367007B984A /* Debug */,
				67C43B901D43A367007B984A /* Release */,
			);
			defaultConfigurationIsVisible = 0;
			defaultConfigurationName = Release;
		};
		67C43B911D43A367007B984A /* Build configuration list for PBXNativeTarget "MiaoShow" */ = {
			isa = XCConfigurationList;
			buildConfigurations = (
				67C43B921D43A367007B984A /* Debug */,
				67C43B931D43A367007B984A /* Release */,
			);
			defaultConfigurationIsVisible = 0;
			defaultConfigurationName = Release;
		};
		67C43B941D43A367007B984A /* Build configuration list for PBXNativeTarget "MiaoShowTests" */ = {
			isa = XCConfigurationList;
			buildConfigurations = (
				67C43B951D43A367007B984A /* Debug */,
				67C43B961D43A367007B984A /* Release */,
			);
			defaultConfigurationIsVisible = 0;
			defaultConfigurationName = Release;
		};
		67C43B971D43A367007B984A /* Build configuration list for PBXNativeTarget "MiaoShowUITests" */ = {
			isa = XCConfigurationList;
			buildConfigurations = (
				67C43B981D43A367007B984A /* Debug */,
				67C43B991D43A367007B984A /* Release */,
			);
			defaultConfigurationIsVisible = 0;
			defaultConfigurationName = Release;
		};
/* End XCConfigurationList section */
	};
	rootObject = 67C43B5C1D43A367007B984A /* Project object */;
}
